
Microsoft Visual Studio Solution File, Format Version 12.00
# Visual Studio 15
VisualStudioVersion = 15.0.28307.438
MinimumVisualStudioVersion = 10.0.40219.1
Project("{9A19103F-16F7-4668-BE54-9A1E7A4F7556}") = "DotNetCoreWebApp", "DotNetCoreWebApp\DotNetCoreWebApp.csproj", "{B91DAC74-5FBE-40F2-9FF6-3BB8095834EB}"
EndProject
Global
	GlobalSection(SolutionConfigurationPlatforms) = preSolution
		Debug|Any CPU = Debug|Any CPU
		Release|Any CPU = Release|Any CPU
	EndGlobalSection
	GlobalSection(ProjectConfigurationPlatforms) = postSolution
		{B91DAC74-5FBE-40F2-9FF6-3BB8095834EB}.Debug|Any CPU.ActiveCfg = Debug|Any CPU
		{B91DAC74-5FBE-40F2-9FF6-3BB8095834EB}.Debug|Any CPU.Build.0 = Debug|Any CPU
		{B91DAC74-5FBE-40F2-9FF6-3BB8095834EB}.Release|Any CPU.ActiveCfg = Release|Any CPU
		{B91DAC74-5FBE-40F2-9FF6-3BB8095834EB}.Release|Any CPU.Build.0 = Release|Any CPU
	EndGlobalSection
	GlobalSection(SolutionProperties) = preSolution
		HideSolutionNode = FALSE
	EndGlobalSection
	GlobalSection(ExtensibilityGlobals) = postSolution
		SolutionGuid = {66FA40B5-AB88-44BF-964B-B4E1A52C1DB7}
	EndGlobalSection
EndGlobal
